
Microsoft Visual Studio Solution File, Format Version 12.00
# Visual Studio Version 16
VisualStudioVersion = 16.0.29728.190
MinimumVisualStudioVersion = 10.0.40219.1
Project("{FAE04EC0-301F-11D3-BF4B-00C04F79EFBC}") = "generic-collection", "generic-collection\generic-collection.csproj", "{F41025D5-263C-470D-96A5-DBB72CE9B9DE}"
EndProject
Global
	GlobalSection(SolutionConfigurationPlatforms) = preSolution
		Debug|Any CPU = Debug|Any CPU
		Release|Any CPU = Release|Any CPU
	EndGlobalSection
	GlobalSection(ProjectConfigurationPlatforms) = postSolution
		{F41025D5-263C-470D-96A5-DBB72CE9B9DE}.Debug|Any CPU.ActiveCfg = Debug|Any CPU
		{F41025D5-263C-470D-96A5-DBB72CE9B9DE}.Debug|Any CPU.Build.0 = Debug|Any CPU
		{F41025D5-263C-470D-96A5-DBB72CE9B9DE}.Release|Any CPU.ActiveCfg = Release|Any CPU
		{F41025D5-263C-470D-96A5-DBB72CE9B9DE}.Release|Any CPU.Build.0 = Release|Any CPU
	EndGlobalSection
	GlobalSection(SolutionProperties) = preSolution
		HideSolutionNode = FALSE
	EndGlobalSection
	GlobalSection(ExtensibilityGlobals) = postSolution
		SolutionGuid = {CE42EFAA-43E5-4BA8-AFE4-D4DA3BED066C}
	EndGlobalSection
EndGlobal
